Microsoft Visual Studio Solution File, Format Version 12.00
# Visual Studio Version 17
VisualStudioVersion = 17.5.2.0
MinimumVisualStudioVersion = 10.0.40219.1
Project("{FAE04EC0-301F-11D3-BF4B-00C04F79EFBC}") = "Wpf_Scrcpy", "Wpf_Scrcpy.csproj", "{AF4D14B9-F07B-3528-518B-9452D1CEF393}"
EndProject
Global
	GlobalSection(SolutionConfigurationPlatforms) = preSolution
		Debug|Any CPU = Debug|Any CPU
		Release|Any CPU = Release|Any CPU
	EndGlobalSection
	GlobalSection(ProjectConfigurationPlatforms) = postSolution
		{AF4D14B9-F07B-3528-518B-9452D1CEF393}.Debug|Any CPU.ActiveCfg = Debug|Any CPU
		{AF4D14B9-F07B-3528-518B-9452D1CEF393}.Debug|Any CPU.Build.0 = Debug|Any CPU
		{AF4D14B9-F07B-3528-518B-9452D1CEF393}.Release|Any CPU.ActiveCfg = Release|Any CPU
		{AF4D14B9-F07B-3528-518B-9452D1CEF393}.Release|Any CPU.Build.0 = Release|Any CPU
	EndGlobalSection
	GlobalSection(SolutionProperties) = preSolution
		HideSolutionNode = FALSE
	EndGlobalSection
	GlobalSection(ExtensibilityGlobals) = postSolution
		SolutionGuid = {D3A71E7E-C6A5-4A9C-A958-A78884BF10BF}
	EndGlobalSection
EndGlobal
