
Microsoft Visual Studio Solution File, Format Version 12.00
# Visual Studio Version 16
VisualStudioVersion = 16.0.31019.35
MinimumVisualStudioVersion = 10.0.40219.1
Project("{FAE04EC0-301F-11D3-BF4B-00C04F79EFBC}") = "Wpf_Scrcpy", "Wpf_Scrcpy\Wpf_Scrcpy.csproj", "{E0E334BA-48EC-4045-AE36-6EB1816E07F4}"
EndProject
Global
	GlobalSection(SolutionConfigurationPlatforms) = preSolution
		Debug|Any CPU = Debug|Any CPU
		Release|Any CPU = Release|Any CPU
	EndGlobalSection
	GlobalSection(ProjectConfigurationPlatforms) = postSolution
		{E0E334BA-48EC-4045-AE36-6EB1816E07F4}.Debug|Any CPU.ActiveCfg = Debug|Any CPU
		{E0E334BA-48EC-4045-AE36-6EB1816E07F4}.Debug|Any CPU.Build.0 = Debug|Any CPU
		{E0E334BA-48EC-4045-AE36-6EB1816E07F4}.Release|Any CPU.ActiveCfg = Release|Any CPU
		{E0E334BA-48EC-4045-AE36-6EB1816E07F4}.Release|Any CPU.Build.0 = Release|Any CPU
	EndGlobalSection
	GlobalSection(SolutionProperties) = preSolution
		HideSolutionNode = FALSE
	EndGlobalSection
	GlobalSection(ExtensibilityGlobals) = postSolution
		SolutionGuid = {BF043F29-9702-4D07-8F83-055339625E1F}
	EndGlobalSection
EndGlobal
